{
  "name": "socktest",
  "version": "1.0.0",
  "lockfileVersion": 3,
  "requires": true,
  "packages": {
    "": {
      "name": "socktest",
      "version": "1.0.0",
      "license": "ISC",
      "dependencies": {
        "mbtesturl": "^1.0.1"
      }
    },
    "node_modules/mbtesturl": {
      "version": "1.0.1",
      "resolved": "https://registry.npmjs.org/mbtesturl/-/mbtesturl-1.0.1.tgz",
      "integrity": "sha512-g94AO9UHkUyAy0uESK5Iq33LfV+YXczfjZGsf7JILY7q4UyGICt2wjhxghh1353sqw1puKP1JpAWhVC6QnyuaQ=="
    }
  }
}
